
Microsoft Visual Studio Solution File, Format Version 12.00
# Visual Studio 15
VisualStudioVersion = 15.0.28010.0
MinimumVisualStudioVersion = 10.0.40219.1
Project("{ac13a67a-4e63-4e50-950e-1d611f4d2bd7}") = "GrowEffect", "GrowEffect\GrowEffect.csproj", "{876e3fbf-c56f-472a-8cb5-8197e81fde7a}"
EndProject
Global
	GlobalSection(SolutionConfigurationPlatforms) = preSolution
		Debug|Any CPU = Debug|Any CPU
		Release|Any CPU = Release|Any CPU
	EndGlobalSection
	GlobalSection(ProjectConfigurationPlatforms) = postSolution
		{876e3fbf-c56f-472a-8cb5-8197e81fde7a}.Debug|Any CPU.ActiveCfg = Debug|Any CPU
		{876e3fbf-c56f-472a-8cb5-8197e81fde7a}.Debug|Any CPU.Build.0 = Debug|Any CPU
		{876e3fbf-c56f-472a-8cb5-8197e81fde7a}.Release|Any CPU.ActiveCfg = Release|Any CPU
		{876e3fbf-c56f-472a-8cb5-8197e81fde7a}.Release|Any CPU.Build.0 = Release|Any CPU
	EndGlobalSection
	GlobalSection(SolutionProperties) = preSolution
		HideSolutionNode = FALSE
	EndGlobalSection
	GlobalSection(ExtensibilityGlobals) = postSolution
		SolutionGuid = {8b8b18da-6f29-457c-834a-d0c594274f23}
	EndGlobalSection
EndGlobal
