
Microsoft Visual Studio Solution File, Format Version 12.00
# Visual Studio Version 16
VisualStudioVersion = 16.0.29806.167
MinimumVisualStudioVersion = 15.0.26124.0
Project("{FAE04EC0-301F-11D3-BF4B-00C04F79EFBC}") = "GrowAndShrink", "GrowAndShrink\GrowAndShrink.csproj", "{FF34255E-FAD2-44DB-ADFF-0976CF83CDE1}"
EndProject
Project("{2150E333-8FDC-42A3-9474-1A3956D46DE8}") = "Solution Items", "Solution Items", "{05AD41AA-011F-4441-BEA4-9A96D7F7E56A}"
	ProjectSection(SolutionItems) = preProject
		DefaultPluginInfo.cs = DefaultPluginInfo.cs
		SharedAssemblyInfo.cs = SharedAssemblyInfo.cs
	EndProjectSection
EndProject
Project("{FAE04EC0-301F-11D3-BF4B-00C04F79EFBC}") = "MoveSeams", "MoveSeams\MoveSeams.csproj", "{35E73ADF-4D0E-4F4D-99A7-763E8ECC2F6B}"
EndProject
Project("{FAE04EC0-301F-11D3-BF4B-00C04F79EFBC}") = "ColorRamp", "ColorRamp\ColorRamp.csproj", "{0035FB8B-FBDA-49DF-ABD5-5A4BA6FCD92A}"
EndProject
Project("{FAE04EC0-301F-11D3-BF4B-00C04F79EFBC}") = "IsolateChannel", "IsolateChannel\IsolateChannel.csproj", "{4D5B2D80-F9E9-4626-AF7C-DE7826A4FC5B}"
EndProject
Project("{FAE04EC0-301F-11D3-BF4B-00C04F79EFBC}") = "CleanTransparent", "CleanTransparent\CleanTransparent.csproj", "{01DE34FD-CC1F-493C-9DE3-C860DA5F4C6D}"
EndProject
Global
	GlobalSection(SolutionConfigurationPlatforms) = preSolution
		Debug|Any CPU = Debug|Any CPU
		Release|Any CPU = Release|Any CPU
	EndGlobalSection
	GlobalSection(ProjectConfigurationPlatforms) = postSolution
		{FF34255E-FAD2-44DB-ADFF-0976CF83CDE1}.Debug|Any CPU.ActiveCfg = Debug|Any CPU
		{FF34255E-FAD2-44DB-ADFF-0976CF83CDE1}.Debug|Any CPU.Build.0 = Debug|Any CPU
		{FF34255E-FAD2-44DB-ADFF-0976CF83CDE1}.Release|Any CPU.ActiveCfg = Release|Any CPU
		{FF34255E-FAD2-44DB-ADFF-0976CF83CDE1}.Release|Any CPU.Build.0 = Release|Any CPU
		{35E73ADF-4D0E-4F4D-99A7-763E8ECC2F6B}.Debug|Any CPU.ActiveCfg = Debug|Any CPU
		{35E73ADF-4D0E-4F4D-99A7-763E8ECC2F6B}.Debug|Any CPU.Build.0 = Debug|Any CPU
		{35E73ADF-4D0E-4F4D-99A7-763E8ECC2F6B}.Release|Any CPU.ActiveCfg = Release|Any CPU
		{35E73ADF-4D0E-4F4D-99A7-763E8ECC2F6B}.Release|Any CPU.Build.0 = Release|Any CPU
		{0035FB8B-FBDA-49DF-ABD5-5A4BA6FCD92A}.Debug|Any CPU.ActiveCfg = Debug|Any CPU
		{0035FB8B-FBDA-49DF-ABD5-5A4BA6FCD92A}.Debug|Any CPU.Build.0 = Debug|Any CPU
		{0035FB8B-FBDA-49DF-ABD5-5A4BA6FCD92A}.Release|Any CPU.ActiveCfg = Release|Any CPU
		{0035FB8B-FBDA-49DF-ABD5-5A4BA6FCD92A}.Release|Any CPU.Build.0 = Release|Any CPU
		{4D5B2D80-F9E9-4626-AF7C-DE7826A4FC5B}.Debug|Any CPU.ActiveCfg = Debug|Any CPU
		{4D5B2D80-F9E9-4626-AF7C-DE7826A4FC5B}.Debug|Any CPU.Build.0 = Debug|Any CPU
		{4D5B2D80-F9E9-4626-AF7C-DE7826A4FC5B}.Release|Any CPU.ActiveCfg = Release|Any CPU
		{4D5B2D80-F9E9-4626-AF7C-DE7826A4FC5B}.Release|Any CPU.Build.0 = Release|Any CPU
		{01DE34FD-CC1F-493C-9DE3-C860DA5F4C6D}.Debug|Any CPU.ActiveCfg = Debug|Any CPU
		{01DE34FD-CC1F-493C-9DE3-C860DA5F4C6D}.Debug|Any CPU.Build.0 = Debug|Any CPU
		{01DE34FD-CC1F-493C-9DE3-C860DA5F4C6D}.Release|Any CPU.ActiveCfg = Release|Any CPU
		{01DE34FD-CC1F-493C-9DE3-C860DA5F4C6D}.Release|Any CPU.Build.0 = Release|Any CPU
	EndGlobalSection
	GlobalSection(SolutionProperties) = preSolution
		HideSolutionNode = FALSE
	EndGlobalSection
	GlobalSection(ExtensibilityGlobals) = postSolution
		SolutionGuid = {47910C7F-AEE0-4406-A3A2-13190FE1F915}
	EndGlobalSection
EndGlobal
