Microsoft Visual Studio Solution File, Format Version 12.00
# Visual Studio 15
VisualStudioVersion = 15.0.26124.0
MinimumVisualStudioVersion = 15.0.26124.0
Project("{FAE04EC0-301F-11D3-BF4B-00C04F79EFBC}") = "Template", "Template\Template.csproj", "{8C411430-92F3-4E8B-B34C-9A1350465616}"
EndProject
Project("{FAE04EC0-301F-11D3-BF4B-00C04F79EFBC}") = "GrowEffect", "GrowEffect\GrowEffect.csproj", "{876E3FBF-C56F-472A-8CB5-8197E81FDE7A}"
EndProject
Project("{FAE04EC0-301F-11D3-BF4B-00C04F79EFBC}") = "GrowAndShrink", "GrowAndShrink\GrowAndShrink.csproj", "{FF34255E-FAD2-44DB-ADFF-0976CF83CDE1}"
EndProject
Project("{FAE04EC0-301F-11D3-BF4B-00C04F79EFBC}") = "Blend", "Blend\Blend.csproj", "{C68441CB-B950-4499-8846-514C4058D977}"
EndProject
Global
	GlobalSection(SolutionConfigurationPlatforms) = preSolution
		Debug|Any CPU = Debug|Any CPU
		Release|Any CPU = Release|Any CPU
	EndGlobalSection
	GlobalSection(SolutionProperties) = preSolution
		HideSolutionNode = FALSE
	EndGlobalSection
	GlobalSection(ProjectConfigurationPlatforms) = postSolution
		{8C411430-92F3-4E8B-B34C-9A1350465616}.Debug|Any CPU.ActiveCfg = Debug|Any CPU
		{8C411430-92F3-4E8B-B34C-9A1350465616}.Debug|Any CPU.Build.0 = Debug|Any CPU
		{8C411430-92F3-4E8B-B34C-9A1350465616}.Release|Any CPU.ActiveCfg = Debug|Any CPU
		{8C411430-92F3-4E8B-B34C-9A1350465616}.Release|Any CPU.Build.0 = Debug|Any CPU
		{876E3FBF-C56F-472A-8CB5-8197E81FDE7A}.Debug|Any CPU.ActiveCfg = Debug|Any CPU
		{876E3FBF-C56F-472A-8CB5-8197E81FDE7A}.Debug|Any CPU.Build.0 = Debug|Any CPU
		{876E3FBF-C56F-472A-8CB5-8197E81FDE7A}.Release|Any CPU.ActiveCfg = Debug|Any CPU
		{876E3FBF-C56F-472A-8CB5-8197E81FDE7A}.Release|Any CPU.Build.0 = Debug|Any CPU
		{FF34255E-FAD2-44DB-ADFF-0976CF83CDE1}.Debug|Any CPU.ActiveCfg = Debug|Any CPU
		{FF34255E-FAD2-44DB-ADFF-0976CF83CDE1}.Debug|Any CPU.Build.0 = Debug|Any CPU
		{FF34255E-FAD2-44DB-ADFF-0976CF83CDE1}.Release|Any CPU.ActiveCfg = Debug|Any CPU
		{FF34255E-FAD2-44DB-ADFF-0976CF83CDE1}.Release|Any CPU.Build.0 = Debug|Any CPU
		{C68441CB-B950-4499-8846-514C4058D977}.Debug|Any CPU.ActiveCfg = Debug|Any CPU
		{C68441CB-B950-4499-8846-514C4058D977}.Debug|Any CPU.Build.0 = Debug|Any CPU
		{C68441CB-B950-4499-8846-514C4058D977}.Release|Any CPU.ActiveCfg = Debug|Any CPU
		{C68441CB-B950-4499-8846-514C4058D977}.Release|Any CPU.Build.0 = Debug|Any CPU
	EndGlobalSection
EndGlobal
