
Microsoft Visual Studio Solution File, Format Version 12.00
# Visual Studio Version 16
VisualStudioVersion = 16.0.29806.167
MinimumVisualStudioVersion = 15.0.26124.0
Project("{FAE04EC0-301F-11D3-BF4B-00C04F79EFBC}") = "GrowAndShrink", "GrowAndShrink\GrowAndShrink.csproj", "{FF34255E-FAD2-44DB-ADFF-0976CF83CDE1}"
EndProject
Project("{FAE04EC0-301F-11D3-BF4B-00C04F79EFBC}") = "Blend", "Blend\Blend.csproj", "{62021A13-7702-46CE-BF8E-8DF387142E2E}"
EndProject
Project("{2150E333-8FDC-42A3-9474-1A3956D46DE8}") = "Solution Items", "Solution Items", "{05AD41AA-011F-4441-BEA4-9A96D7F7E56A}"
	ProjectSection(SolutionItems) = preProject
		DefaultPluginInfo.cs = DefaultPluginInfo.cs
		SharedAssemblyInfo.cs = SharedAssemblyInfo.cs
	EndProjectSection
EndProject
Global
	GlobalSection(SolutionConfigurationPlatforms) = preSolution
		Debug|Any CPU = Debug|Any CPU
		Release|Any CPU = Release|Any CPU
	EndGlobalSection
	GlobalSection(ProjectConfigurationPlatforms) = postSolution
		{FF34255E-FAD2-44DB-ADFF-0976CF83CDE1}.Debug|Any CPU.ActiveCfg = Debug|Any CPU
		{FF34255E-FAD2-44DB-ADFF-0976CF83CDE1}.Debug|Any CPU.Build.0 = Debug|Any CPU
		{FF34255E-FAD2-44DB-ADFF-0976CF83CDE1}.Release|Any CPU.ActiveCfg = Release|Any CPU
		{FF34255E-FAD2-44DB-ADFF-0976CF83CDE1}.Release|Any CPU.Build.0 = Release|Any CPU
		{62021A13-7702-46CE-BF8E-8DF387142E2E}.Debug|Any CPU.ActiveCfg = Debug|Any CPU
		{62021A13-7702-46CE-BF8E-8DF387142E2E}.Debug|Any CPU.Build.0 = Debug|Any CPU
		{62021A13-7702-46CE-BF8E-8DF387142E2E}.Release|Any CPU.ActiveCfg = Release|Any CPU
		{62021A13-7702-46CE-BF8E-8DF387142E2E}.Release|Any CPU.Build.0 = Release|Any CPU
	EndGlobalSection
	GlobalSection(SolutionProperties) = preSolution
		HideSolutionNode = FALSE
	EndGlobalSection
	GlobalSection(ExtensibilityGlobals) = postSolution
		SolutionGuid = {47910C7F-AEE0-4406-A3A2-13190FE1F915}
	EndGlobalSection
EndGlobal
